
Microsoft Visual Studio Solution File, Format Version 12.00
# Visual Studio Version 16
VisualStudioVersion = 16.0.30309.148
MinimumVisualStudioVersion = 10.0.40219.1
Project("{FAE04EC0-301F-11D3-BF4B-00C04F79EFBC}") = "BookingSystemApi", "BookingSystemApi\BookingSystemApi.csproj", "{A9813BA8-5E88-4338-85E8-FEA55191A77A}"
EndProject
Global
	GlobalSection(SolutionConfigurationPlatforms) = preSolution
		Debug|Any CPU = Debug|Any CPU
		Release|Any CPU = Release|Any CPU
	EndGlobalSection
	GlobalSection(ProjectConfigurationPlatforms) = postSolution
		{A9813BA8-5E88-4338-85E8-FEA55191A77A}.Debug|Any CPU.ActiveCfg = Debug|Any CPU
		{A9813BA8-5E88-4338-85E8-FEA55191A77A}.Debug|Any CPU.Build.0 = Debug|Any CPU
		{A9813BA8-5E88-4338-85E8-FEA55191A77A}.Release|Any CPU.ActiveCfg = Release|Any CPU
		{A9813BA8-5E88-4338-85E8-FEA55191A77A}.Release|Any CPU.Build.0 = Release|Any CPU
	EndGlobalSection
	GlobalSection(SolutionProperties) = preSolution
		HideSolutionNode = FALSE
	EndGlobalSection
	GlobalSection(ExtensibilityGlobals) = postSolution
		SolutionGuid = {84CAC4D4-971E-4406-ACDA-ADA0A3986EAA}
	EndGlobalSection
EndGlobal
